
Microsoft Visual Studio Solution File, Format Version 12.00
# Visual Studio Version 17
VisualStudioVersion = 17.1.32319.34
MinimumVisualStudioVersion = 10.0.40219.1
Project("{FAE04EC0-301F-11D3-BF4B-00C04F79EFBC}") = "WpfSelectDataFromExcelToExcel", "WpfSelectDataFromExcelToExcel\WpfSelectDataFromExcelToExcel.csproj", "{3410DEB0-A377-4076-8309-0C78F072F259}"
EndProject
Global
	GlobalSection(SolutionConfigurationPlatforms) = preSolution
		Debug|Any CPU = Debug|Any CPU
		Release|Any CPU = Release|Any CPU
	EndGlobalSection
	GlobalSection(ProjectConfigurationPlatforms) = postSolution
		{3410DEB0-A377-4076-8309-0C78F072F259}.Debug|Any CPU.ActiveCfg = Debug|Any CPU
		{3410DEB0-A377-4076-8309-0C78F072F259}.Debug|Any CPU.Build.0 = Debug|Any CPU
		{3410DEB0-A377-4076-8309-0C78F072F259}.Release|Any CPU.ActiveCfg = Release|Any CPU
		{3410DEB0-A377-4076-8309-0C78F072F259}.Release|Any CPU.Build.0 = Release|Any CPU
	EndGlobalSection
	GlobalSection(SolutionProperties) = preSolution
		HideSolutionNode = FALSE
	EndGlobalSection
	GlobalSection(ExtensibilityGlobals) = postSolution
		SolutionGuid = {7462688B-04E2-4B09-A2AB-2C1D17230D67}
	EndGlobalSection
EndGlobal
